
Microsoft Visual Studio Solution File, Format Version 11.00
# Visual Studio 2022
Project("{dbb72221-aed7-4115-bc22-99ea2357f0cd}") = "SWC_BMS_MainCntrl_VS", "SWC_BMS_MainCntrl_VS\SWC_BMS_MainCntrl_VS.vcxproj", "{aa087155-f8f8-4187-b13a-8fe7dc1f51a6}"
EndProject
Global
	GlobalSection(SolutionConfigurationPlatforms) = preSolution
		Debug|x64 = Debug|x64
		Debug|x86 = Debug|x86
		Release|x64 = Release|x64
		Release|x86 = Release|x86
	EndGlobalSection
	GlobalSection(ProjectConfigurationPlatforms) = postSolution
		{aa087155-f8f8-4187-b13a-8fe7dc1f51a6}.Debug|x86.ActiveCfg = Debug|Win32
		{aa087155-f8f8-4187-b13a-8fe7dc1f51a6}.Debug|x86.Build.0 = Debug|Win32
		{aa087155-f8f8-4187-b13a-8fe7dc1f51a6}.Release|x86.ActiveCfg = Release|Win32
		{aa087155-f8f8-4187-b13a-8fe7dc1f51a6}.Release|x86.Build.0 = Release|Win32
	EndGlobalSection
	GlobalSection(SolutionProperties) = preSolution
		HideSolutionNode = FALSE
	EndGlobalSection
	GlobalSection(ExtensibilityGlobals) = postSolution
		SolutionGuid = {aa88068c-0523-49ab-a6a4-898edb6d2c7e}
	EndGlobalSection
EndGlobal
