
Microsoft Visual Studio Solution File, Format Version 11.00
# Visual Studio 2022
Project("{01467d4a-21b9-4fa5-b6a9-07620ef1a4d2}") = "SWC_BMS_MainCntrl_VS", "SWC_BMS_MainCntrl_VS\SWC_BMS_MainCntrl_VS.vcxproj", "{0c8c238c-3e0b-42d1-b144-3f591761fd53}"
EndProject
Global
	GlobalSection(SolutionConfigurationPlatforms) = preSolution
		Debug|x64 = Debug|x64
		Debug|x86 = Debug|x86
		Release|x64 = Release|x64
		Release|x86 = Release|x86
	EndGlobalSection
	GlobalSection(ProjectConfigurationPlatforms) = postSolution
		{0c8c238c-3e0b-42d1-b144-3f591761fd53}.Debug|x86.ActiveCfg = Debug|Win32
		{0c8c238c-3e0b-42d1-b144-3f591761fd53}.Debug|x86.Build.0 = Debug|Win32
		{0c8c238c-3e0b-42d1-b144-3f591761fd53}.Release|x86.ActiveCfg = Release|Win32
		{0c8c238c-3e0b-42d1-b144-3f591761fd53}.Release|x86.Build.0 = Release|Win32
	EndGlobalSection
	GlobalSection(SolutionProperties) = preSolution
		HideSolutionNode = FALSE
	EndGlobalSection
	GlobalSection(ExtensibilityGlobals) = postSolution
		SolutionGuid = {b6fd3e23-1a4f-419f-a219-4245aef9c6f2}
	EndGlobalSection
EndGlobal
